// !$*UTF8*$!
{
	archiveVersion = 1;
	classes = {
	};
	objectVersion = 46;
	objects = {

/* Begin PBXBuildFile section */
		A55687AD15C8FC880065D851 /* Foundation.framework in Frameworks */ = {isa = PBXBuildFile; fileRef = A55687AC15C8FC880065D851 /* Foundation.framework */; };
		A55687AF15C8FC880065D851 /* UIKit.framework in Frameworks */ = {isa = PBXBuildFile; fileRef = A55687AE15C8FC880065D851 /* UIKit.framework */; };
		A55687B115C8FC880065D851 /* CoreGraphics.framework in Frameworks */ = {isa = PBXBuildFile; fileRef = A55687B015C8FC880065D851 /* CoreGraphics.framework */; };
		A55687B315C8FC880065D851 /* AddressBook.framework in Frameworks */ = {isa = PBXBuildFile; fileRef = A55687B215C8FC880065D851 /* AddressBook.framework */; };
		A55687B515C8FC880065D851 /* AddressBookUI.framework in Frameworks */ = {isa = PBXBuildFile; fileRef = A55687B415C8FC880065D851 /* AddressBookUI.framework */; };
		A55687B715C8FC880065D851 /* AudioToolbox.framework in Frameworks */ = {isa = PBXBuildFile; fileRef = A55687B615C8FC880065D851 /* AudioToolbox.framework */; };
		A55687B915C8FC880065D851 /* AVFoundation.framework in Frameworks */ = {isa = PBXBuildFile; fileRef = A55687B815C8FC880065D851 /* AVFoundation.framework */; };
		A55687BB15C8FC880065D851 /* CoreLocation.framework in Frameworks */ = {isa = PBXBuildFile; fileRef = A55687BA15C8FC880065D851 /* CoreLocation.framework */; };
		A55687BD15C8FC880065D851 /* MediaPlayer.framework in Frameworks */ = {isa = PBXBuildFile; fileRef = A55687BC15C8FC880065D851 /* MediaPlayer.framework */; };
		A55687BF15C8FC880065D851 /* QuartzCore.framework in Frameworks */ = {isa = PBXBuildFile; fileRef = A55687BE15C8FC880065D851 /* QuartzCore.framework */; };
		A55687C115C8FC880065D851 /* SystemConfiguration.framework in Frameworks */ = {isa = PBXBuildFile; fileRef = A55687C015C8FC880065D851 /* SystemConfiguration.framework */; };
		A55687C315C8FC880065D851 /* MobileCoreServices.framework in Frameworks */ = {isa = PBXBuildFile; fileRef = A55687C215C8FC880065D851 /* MobileCoreServices.framework */; };
		A55687C515C8FC880065D851 /* CoreMedia.framework in Frameworks */ = {isa = PBXBuildFile; fileRef = A55687C415C8FC880065D851 /* CoreMedia.framework */; };
		A55687CB15C8FC880065D851 /* InfoPlist.strings in Resources */ = {isa = PBXBuildFile; fileRef = A55687C915C8FC880065D851 /* InfoPlist.strings */; };
		A55687CD15C8FC880065D851 /* main.m in Sources */ = {isa = PBXBuildFile; fileRef = A55687CC15C8FC880065D851 /* main.m */; };
		A55687D015C8FC880065D851 /* Cordova.framework in Frameworks */ = {isa = PBXBuildFile; fileRef = A55687CF15C8FC880065D851 /* Cordova.framework */; };
		A55687D515C8FC880065D851 /* Localizable.strings in Resources */ = {isa = PBXBuildFile; fileRef = A55687D315C8FC880065D851 /* Localizable.strings */; };
		A55687D915C8FC880065D851 /* Localizable.strings in Resources */ = {isa = PBXBuildFile; fileRef = A55687D715C8FC880065D851 /* Localizable.strings */; };
		A55687DD15C8FC890065D851 /* Localizable.strings in Resources */ = {isa = PBXBuildFile; fileRef = A55687DB15C8FC890065D851 /* Localizable.strings */; };
		A55687E115C8FC890065D851 /* Localizable.strings in Resources */ = {isa = PBXBuildFile; fileRef = A55687DF15C8FC890065D851 /* Localizable.strings */; };
		A55687E415C8FC890065D851 /* icon.png in Resources */ = {isa = PBXBuildFile; fileRef = A55687E315C8FC890065D851 /* icon.png */; };
		A55687E615C8FC890065D851 /* icon@2x.png in Resources */ = {isa = PBXBuildFile; fileRef = A55687E515C8FC890065D851 /* icon@2x.png */; };
		A55687E815C8FC890065D851 /* icon-72.png in Resources */ = {isa = PBXBuildFile; fileRef = A55687E715C8FC890065D851 /* icon-72.png */; };
		A55687EB15C8FC890065D851 /* Default~iphone.png in Resources */ = {isa = PBXBuildFile; fileRef = A55687EA15C8FC890065D851 /* Default~iphone.png */; };
		A55687ED15C8FC890065D851 /* Default@2x~iphone.png in Resources */ = {isa = PBXBuildFile; fileRef = A55687EC15C8FC890065D851 /* Default@2x~iphone.png */; };
		A55687EF15C8FC890065D851 /* Capture.bundle in Resources */ = {isa = PBXBuildFile; fileRef = A55687EE15C8FC890065D851 /* Capture.bundle */; };
		A55687F115C8FC890065D851 /* Cordova.plist in Resources */ = {isa = PBXBuildFile; fileRef = A55687F015C8FC890065D851 /* Cordova.plist */; };
		A55687F515C8FC890065D851 /* AppDelegate.m in Sources */ = {isa = PBXBuildFile; fileRef = A55687F415C8FC890065D851 /* AppDelegate.m */; };
		A55687F815C8FC890065D851 /* MainViewController.m in Sources */ = {isa = PBXBuildFile; fileRef = A55687F715C8FC890065D851 /* MainViewController.m */; };
		A55687FA15C8FC890065D851 /* MainViewController.xib in Resources */ = {isa = PBXBuildFile; fileRef = A55687F915C8FC890065D851 /* MainViewController.xib */; };
		A55687FE15C8FC890065D851 /* verify.sh in Resources */ = {isa = PBXBuildFile; fileRef = A55687FD15C8FC890065D851 /* verify.sh */; };
		A556880515C8FCB80065D851 /* www in Resources */ = {isa = PBXBuildFile; fileRef = A556880415C8FCB80065D851 /* www */; };
/* End PBXBuildFile section */

/* Begin PBXFileReference section */
		A55687A815C8FC880065D851 /* ResultsJobInterviewPrep.app */ = {isa = PBXFileReference; explicitFileType = wrapper.application; includeInIndex = 0; path = ResultsJobInterviewPrep.app; sourceTree = BUILT_PRODUCTS_DIR; };
		A55687AC15C8FC880065D851 /* Foundation.framework */ = {isa = PBXFileReference; lastKnownFileType = wrapper.framework; name = Foundation.framework; path = System/Library/Frameworks/Foundation.framework; sourceTree = SDKROOT; };
		A55687AE15C8FC880065D851 /* UIKit.framework */ = {isa = PBXFileReference; lastKnownFileType = wrapper.framework; name = UIKit.framework; path = System/Library/Frameworks/UIKit.framework; sourceTree = SDKROOT; };
		A55687B015C8FC880065D851 /* CoreGraphics.framework */ = {isa = PBXFileReference; lastKnownFileType = wrapper.framework; name = CoreGraphics.framework; path = System/Library/Frameworks/CoreGraphics.framework; sourceTree = SDKROOT; };
		A55687B215C8FC880065D851 /* AddressBook.framework */ = {isa = PBXFileReference; lastKnownFileType = wrapper.framework; name = AddressBook.framework; path = System/Library/Frameworks/AddressBook.framework; sourceTree = SDKROOT; };
		A55687B415C8FC880065D851 /* AddressBookUI.framework */ = {isa = PBXFileReference; lastKnownFileType = wrapper.framework; name = AddressBookUI.framework; path = System/Library/Frameworks/AddressBookUI.framework; sourceTree = SDKROOT; };
		A55687B615C8FC880065D851 /* AudioToolbox.framework */ = {isa = PBXFileReference; lastKnownFileType = wrapper.framework; name = AudioToolbox.framework; path = System/Library/Frameworks/AudioToolbox.framework; sourceTree = SDKROOT; };
		A55687B815C8FC880065D851 /* AVFoundation.framework */ = {isa = PBXFileReference; lastKnownFileType = wrapper.framework; name = AVFoundation.framework; path = System/Library/Frameworks/AVFoundation.framework; sourceTree = SDKROOT; };
		A55687BA15C8FC880065D851 /* CoreLocation.framework */ = {isa = PBXFileReference; lastKnownFileType = wrapper.framework; name = CoreLocation.framework; path = System/Library/Frameworks/CoreLocation.framework; sourceTree = SDKROOT; };
		A55687BC15C8FC880065D851 /* MediaPlayer.framework */ = {isa = PBXFileReference; lastKnownFileType = wrapper.framework; name = MediaPlayer.framework; path = System/Library/Frameworks/MediaPlayer.framework; sourceTree = SDKROOT; };
		A55687BE15C8FC880065D851 /* QuartzCore.framework */ = {isa = PBXFileReference; lastKnownFileType = wrapper.framework; name = QuartzCore.framework; path = System/Library/Frameworks/QuartzCore.framework; sourceTree = SDKROOT; };
		A55687C015C8FC880065D851 /* SystemConfiguration.framework */ = {isa = PBXFileReference; lastKnownFileType = wrapper.framework; name = SystemConfiguration.framework; path = System/Library/Frameworks/SystemConfiguration.framework; sourceTree = SDKROOT; };
		A55687C215C8FC880065D851 /* MobileCoreServices.framework */ = {isa = PBXFileReference; lastKnownFileType = wrapper.framework; name = MobileCoreServices.framework; path = System/Library/Frameworks/MobileCoreServices.framework; sourceTree = SDKROOT; };
		A55687C415C8FC880065D851 /* CoreMedia.framework */ = {isa = PBXFileReference; lastKnownFileType = wrapper.framework; name = CoreMedia.framework; path = System/Library/Frameworks/CoreMedia.framework; sourceTree = SDKROOT; };
		A55687C815C8FC880065D851 /* ResultsJobInterviewPrep-Info.plist */ = {isa = PBXFileReference; lastKnownFileType = text.plist.xml; path = "ResultsJobInterviewPrep-Info.plist"; sourceTree = "<group>"; };
		A55687CA15C8FC880065D851 /* en */ = {isa = PBXFileReference; lastKnownFileType = text.plist.strings; name = en; path = en.lproj/InfoPlist.strings; sourceTree = "<group>"; };
		A55687CC15C8FC880065D851 /* main.m */ = {isa = PBXFileReference; lastKnownFileType = sourcecode.c.objc; path = main.m; sourceTree = "<group>"; };
		A55687CE15C8FC880065D851 /* ResultsJobInterviewPrep-Prefix.pch */ = {isa = PBXFileReference; lastKnownFileType = sourcecode.c.h; path = "ResultsJobInterviewPrep-Prefix.pch"; sourceTree = "<group>"; };
		A55687CF15C8FC880065D851 /* Cordova.framework */ = {isa = PBXFileReference; lastKnownFileType = wrapper.framework; name = Cordova.framework; path = /Users/Shared/Cordova/Frameworks/Cordova.framework; sourceTree = "<absolute>"; };
		A55687D415C8FC880065D851 /* en */ = {isa = PBXFileReference; lastKnownFileType = text.plist.strings; name = en; path = Resources/en.lproj/Localizable.strings; sourceTree = "<group>"; };
		A55687D815C8FC880065D851 /* es */ = {isa = PBXFileReference; lastKnownFileType = text.plist.strings; name = es; path = Resources/es.lproj/Localizable.strings; sourceTree = "<group>"; };
		A55687DC15C8FC890065D851 /* de */ = {isa = PBXFileReference; lastKnownFileType = text.plist.strings; name = de; path = Resources/de.lproj/Localizable.strings; sourceTree = "<group>"; };
		A55687E015C8FC890065D851 /* se */ = {isa = PBXFileReference; lastKnownFileType = text.plist.strings; name = se; path = Resources/se.lproj/Localizable.strings; sourceTree = "<group>"; };
		A55687E315C8FC890065D851 /* icon.png */ = {isa = PBXFileReference; lastKnownFileType = image.png; name = icon.png; path = Resources/icons/icon.png; sourceTree = "<group>"; };
		A55687E515C8FC890065D851 /* icon@2x.png */ = {isa = PBXFileReference; lastKnownFileType = image.png; name = "icon@2x.png"; path = "Resources/icons/icon@2x.png"; sourceTree = "<group>"; };
		A55687E715C8FC890065D851 /* icon-72.png */ = {isa = PBXFileReference; lastKnownFileType = image.png; name = "icon-72.png"; path = "Resources/icons/icon-72.png"; sourceTree = "<group>"; };
		A55687EA15C8FC890065D851 /* Default~iphone.png */ = {isa = PBXFileReference; lastKnownFileType = image.png; name = "Default~iphone.png"; path = "Resources/splash/Default~iphone.png"; sourceTree = "<group>"; };
		A55687EC15C8FC890065D851 /* Default@2x~iphone.png */ = {isa = PBXFileReference; lastKnownFileType = image.png; name = "Default@2x~iphone.png"; path = "Resources/splash/Default@2x~iphone.png"; sourceTree = "<group>"; };
		A55687EE15C8FC890065D851 /* Capture.bundle */ = {isa = PBXFileReference; lastKnownFileType = "wrapper.plug-in"; name = Capture.bundle; path = Resources/Capture.bundle; sourceTree = "<group>"; };
		A55687F015C8FC890065D851 /* Cordova.plist */ = {isa = PBXFileReference; lastKnownFileType = text.plist.xml; path = Cordova.plist; sourceTree = "<group>"; };
		A55687F315C8FC890065D851 /* AppDelegate.h */ = {isa = PBXFileReference; lastKnownFileType = sourcecode.c.h; name = AppDelegate.h; path = Classes/AppDelegate.h; sourceTree = "<group>"; };
		A55687F415C8FC890065D851 /* AppDelegate.m */ = {isa = PBXFileReference; lastKnownFileType = sourcecode.c.objc; name = AppDelegate.m; path = Classes/AppDelegate.m; sourceTree = "<group>"; };
		A55687F615C8FC890065D851 /* MainViewController.h */ = {isa = PBXFileReference; lastKnownFileType = sourcecode.c.h; name = MainViewController.h; path = Classes/MainViewController.h; sourceTree = "<group>"; };
		A55687F715C8FC890065D851 /* MainViewController.m */ = {isa = PBXFileReference; lastKnownFileType = sourcecode.c.objc; name = MainViewController.m; path = Classes/MainViewController.m; sourceTree = "<group>"; };
		A55687F915C8FC890065D851 /* MainViewController.xib */ = {isa = PBXFileReference; lastKnownFileType = file.xib; name = MainViewController.xib; path = Classes/MainViewController.xib; sourceTree = "<group>"; };
		A55687FC15C8FC890065D851 /* README */ = {isa = PBXFileReference; lastKnownFileType = text; name = README; path = Plugins/README; sourceTree = "<group>"; };
		A55687FD15C8FC890065D851 /* verify.sh */ = {isa = PBXFileReference; lastKnownFileType = text.script.sh; path = verify.sh; sourceTree = "<group>"; };
		A556880415C8FCB80065D851 /* www */ = {isa = PBXFileReference; lastKnownFileType = folder; path = www; sourceTree = SOURCE_ROOT; };
/* End PBXFileReference section */

/* Begin PBXFrameworksBuildPhase section */
		A55687A215C8FC880065D851 /* Frameworks */ = {
			isa = PBXFrameworksBuildPhase;
			buildActionMask = 2147483647;
			files = (
				A55687AD15C8FC880065D851 /* Foundation.framework in Frameworks */,
				A55687AF15C8FC880065D851 /* UIKit.framework in Frameworks */,
				A55687B115C8FC880065D851 /* CoreGraphics.framework in Frameworks */,
				A55687B315C8FC880065D851 /* AddressBook.framework in Frameworks */,
				A55687B515C8FC880065D851 /* AddressBookUI.framework in Frameworks */,
				A55687B715C8FC880065D851 /* AudioToolbox.framework in Frameworks */,
				A55687B915C8FC880065D851 /* AVFoundation.framework in Frameworks */,
				A55687BB15C8FC880065D851 /* CoreLocation.framework in Frameworks */,
				A55687BD15C8FC880065D851 /* MediaPlayer.framework in Frameworks */,
				A55687BF15C8FC880065D851 /* QuartzCore.framework in Frameworks */,
				A55687C115C8FC880065D851 /* SystemConfiguration.framework in Frameworks */,
				A55687C315C8FC880065D851 /* MobileCoreServices.framework in Frameworks */,
				A55687C515C8FC880065D851 /* CoreMedia.framework in Frameworks */,
				A55687D015C8FC880065D851 /* Cordova.framework in Frameworks */,
			);
			runOnlyForDeploymentPostprocessing = 0;
		};
		A55687A515C8FC880065D851 /* Frameworks */ = {
			isa = PBXFrameworksBuildPhase;
			buildActionMask = 2147483647;
			files = (
			);
			runOnlyForDeploymentPostprocessing = 0;
		};
/* End PBXFrameworksBuildPhase section */

/* Begin PBXGroup section */
		A556879A15C8FC880065D851 = {
			isa = PBXGroup;
			children = (
				A55687C615C8FC880065D851 /* ResultsJobInterviewPrep */,
				A55687AB15C8FC880065D851 /* Frameworks */,
				A55687A915C8FC880065D851 /* Products */,
			);
			sourceTree = "<group>";
		};
		A55687A915C8FC880065D851 /* Products */ = {
			isa = PBXGroup;
			children = (
				A55687A815C8FC880065D851 /* ResultsJobInterviewPrep.app */,
			);
			name = Products;
			sourceTree = "<group>";
		};
		A55687AB15C8FC880065D851 /* Frameworks */ = {
			isa = PBXGroup;
			children = (
				A55687AC15C8FC880065D851 /* Foundation.framework */,
				A55687AE15C8FC880065D851 /* UIKit.framework */,
				A55687B015C8FC880065D851 /* CoreGraphics.framework */,
				A55687B215C8FC880065D851 /* AddressBook.framework */,
				A55687B415C8FC880065D851 /* AddressBookUI.framework */,
				A55687B615C8FC880065D851 /* AudioToolbox.framework */,
				A55687B815C8FC880065D851 /* AVFoundation.framework */,
				A55687BA15C8FC880065D851 /* CoreLocation.framework */,
				A55687BC15C8FC880065D851 /* MediaPlayer.framework */,
				A55687BE15C8FC880065D851 /* QuartzCore.framework */,
				A55687C015C8FC880065D851 /* SystemConfiguration.framework */,
				A55687C215C8FC880065D851 /* MobileCoreServices.framework */,
				A55687C415C8FC880065D851 /* CoreMedia.framework */,
			);
			name = Frameworks;
			sourceTree = "<group>";
		};
		A55687C615C8FC880065D851 /* ResultsJobInterviewPrep */ = {
			isa = PBXGroup;
			children = (
				A556880415C8FCB80065D851 /* www */,
				A55687CF15C8FC880065D851 /* Cordova.framework */,
				A55687D115C8FC880065D851 /* Resources */,
				A55687F215C8FC890065D851 /* Classes */,
				A55687FB15C8FC890065D851 /* Plugins */,
				A55687C715C8FC880065D851 /* Supporting Files */,
			);
			path = ResultsJobInterviewPrep;
			sourceTree = "<group>";
		};
		A55687C715C8FC880065D851 /* Supporting Files */ = {
			isa = PBXGroup;
			children = (
				A55687C815C8FC880065D851 /* ResultsJobInterviewPrep-Info.plist */,
				A55687C915C8FC880065D851 /* InfoPlist.strings */,
				A55687CC15C8FC880065D851 /* main.m */,
				A55687CE15C8FC880065D851 /* ResultsJobInterviewPrep-Prefix.pch */,
				A55687F015C8FC890065D851 /* Cordova.plist */,
				A55687F915C8FC890065D851 /* MainViewController.xib */,
				A55687FD15C8FC890065D851 /* verify.sh */,
			);
			name = "Supporting Files";
			sourceTree = "<group>";
		};
		A55687D115C8FC880065D851 /* Resources */ = {
			isa = PBXGroup;
			children = (
				A55687EE15C8FC890065D851 /* Capture.bundle */,
				A55687D215C8FC880065D851 /* en.lproj */,
				A55687D615C8FC880065D851 /* es.lproj */,
				A55687DA15C8FC890065D851 /* de.lproj */,
				A55687DE15C8FC890065D851 /* se.lproj */,
				A55687E215C8FC890065D851 /* icons */,
				A55687E915C8FC890065D851 /* splash */,
			);
			name = Resources;
			sourceTree = "<group>";
		};
		A55687D215C8FC880065D851 /* en.lproj */ = {
			isa = PBXGroup;
			children = (
				A55687D315C8FC880065D851 /* Localizable.strings */,
			);
			name = en.lproj;
			sourceTree = "<group>";
		};
		A55687D615C8FC880065D851 /* es.lproj */ = {
			isa = PBXGroup;
			children = (
				A55687D715C8FC880065D851 /* Localizable.strings */,
			);
			name = es.lproj;
			sourceTree = "<group>";
		};
		A55687DA15C8FC890065D851 /* de.lproj */ = {
			isa = PBXGroup;
			children = (
				A55687DB15C8FC890065D851 /* Localizable.strings */,
			);
			name = de.lproj;
			sourceTree = "<group>";
		};
		A55687DE15C8FC890065D851 /* se.lproj */ = {
			isa = PBXGroup;
			children = (
				A55687DF15C8FC890065D851 /* Localizable.strings */,
			);
			name = se.lproj;
			sourceTree = "<group>";
		};
		A55687E215C8FC890065D851 /* icons */ = {
			isa = PBXGroup;
			children = (
				A55687E315C8FC890065D851 /* icon.png */,
				A55687E515C8FC890065D851 /* icon@2x.png */,
				A55687E715C8FC890065D851 /* icon-72.png */,
			);
			name = icons;
			sourceTree = "<group>";
		};
		A55687E915C8FC890065D851 /* splash */ = {
			isa = PBXGroup;
			children = (
				A55687EA15C8FC890065D851 /* Default~iphone.png */,
				A55687EC15C8FC890065D851 /* Default@2x~iphone.png */,
			);
			name = splash;
			sourceTree = "<group>";
		};
		A55687F215C8FC890065D851 /* Classes */ = {
			isa = PBXGroup;
			children = (
				A55687F315C8FC890065D851 /* AppDelegate.h */,
				A55687F415C8FC890065D851 /* AppDelegate.m */,
				A55687F615C8FC890065D851 /* MainViewController.h */,
				A55687F715C8FC890065D851 /* MainViewController.m */,
			);
			name = Classes;
			sourceTree = "<group>";
		};
		A55687FB15C8FC890065D851 /* Plugins */ = {
			isa = PBXGroup;
			children = (
				A55687FC15C8FC890065D851 /* README */,
			);
			name = Plugins;
			sourceTree = "<group>";
		};
/* End PBXGroup section */

/* Begin PBXNativeTarget section */
		A55687A715C8FC880065D851 /* ResultsJobInterviewPrep */ = {
			isa = PBXNativeTarget;
			buildConfigurationList = A556880115C8FC890065D851 /* Build configuration list for PBXNativeTarget "ResultsJobInterviewPrep" */;
			buildPhases = (
				A55687A115C8FC880065D851 /* Sources */,
				A55687A215C8FC880065D851 /* Frameworks */,
				A55687A315C8FC880065D851 /* Resources */,
				A55687A415C8FC880065D851 /* Sources */,
				A55687A515C8FC880065D851 /* Frameworks */,
				A55687A615C8FC880065D851 /* ShellScript */,
			);
			buildRules = (
			);
			dependencies = (
			);
			name = ResultsJobInterviewPrep;
			productName = ResultsJobInterviewPrep;
			productReference = A55687A815C8FC880065D851 /* ResultsJobInterviewPrep.app */;
			productType = "com.apple.product-type.application";
		};
/* End PBXNativeTarget section */

/* Begin PBXProject section */
		A556879C15C8FC880065D851 /* Project object */ = {
			isa = PBXProject;
			attributes = {
				LastUpgradeCheck = 0440;
				ORGANIZATIONNAME = "Good As Gold Training";
			};
			buildConfigurationList = A556879F15C8FC880065D851 /* Build configuration list for PBXProject "ResultsJobInterviewPrep" */;
			compatibilityVersion = "Xcode 3.2";
			developmentRegion = English;
			hasScannedForEncodings = 0;
			knownRegions = (
				en,
				es,
				de,
				se,
			);
			mainGroup = A556879A15C8FC880065D851;
			productRefGroup = A55687A915C8FC880065D851 /* Products */;
			projectDirPath = "";
			projectRoot = "";
			targets = (
				A55687A715C8FC880065D851 /* ResultsJobInterviewPrep */,
			);
		};
/* End PBXProject section */

/* Begin PBXResourcesBuildPhase section */
		A55687A315C8FC880065D851 /* Resources */ = {
			isa = PBXResourcesBuildPhase;
			buildActionMask = 2147483647;
			files = (
				A55687CB15C8FC880065D851 /* InfoPlist.strings in Resources */,
				A55687D515C8FC880065D851 /* Localizable.strings in Resources */,
				A55687D915C8FC880065D851 /* Localizable.strings in Resources */,
				A55687DD15C8FC890065D851 /* Localizable.strings in Resources */,
				A55687E115C8FC890065D851 /* Localizable.strings in Resources */,
				A55687E415C8FC890065D851 /* icon.png in Resources */,
				A55687E615C8FC890065D851 /* icon@2x.png in Resources */,
				A55687E815C8FC890065D851 /* icon-72.png in Resources */,
				A55687EB15C8FC890065D851 /* Default~iphone.png in Resources */,
				A55687ED15C8FC890065D851 /* Default@2x~iphone.png in Resources */,
				A55687EF15C8FC890065D851 /* Capture.bundle in Resources */,
				A55687F115C8FC890065D851 /* Cordova.plist in Resources */,
				A55687FA15C8FC890065D851 /* MainViewController.xib in Resources */,
				A55687FE15C8FC890065D851 /* verify.sh in Resources */,
				A556880515C8FCB80065D851 /* www in Resources */,
			);
			runOnlyForDeploymentPostprocessing = 0;
		};
/* End PBXResourcesBuildPhase section */

/* Begin PBXShellScriptBuildPhase section */
		A55687A615C8FC880065D851 /* ShellScript */ = {
			isa = PBXShellScriptBuildPhase;
			buildActionMask = 2147483647;
			files = (
			);
			inputPaths = (
			);
			outputPaths = (
			);
			runOnlyForDeploymentPostprocessing = 0;
			shellPath = /bin/bash;
			shellScript = "\n\t\t\t\t\t\t\t\tchmod 755 \"$PROJECT_DIR/$PROJECT_NAME/verify.sh\"\n\t\t\t\t\t\t\t\t\"$PROJECT_DIR/$PROJECT_NAME/verify.sh\"\n\t\t\t\t\t";
		};
/* End PBXShellScriptBuildPhase section */

/* Begin PBXSourcesBuildPhase section */
		A55687A115C8FC880065D851 /* Sources */ = {
			isa = PBXSourcesBuildPhase;
			buildActionMask = 2147483647;
			files = (
				A55687CD15C8FC880065D851 /* main.m in Sources */,
				A55687F515C8FC890065D851 /* AppDelegate.m in Sources */,
				A55687F815C8FC890065D851 /* MainViewController.m in Sources */,
			);
			runOnlyForDeploymentPostprocessing = 0;
		};
		A55687A415C8FC880065D851 /* Sources */ = {
			isa = PBXSourcesBuildPhase;
			buildActionMask = 2147483647;
			files = (
			);
			runOnlyForDeploymentPostprocessing = 0;
		};
/* End PBXSourcesBuildPhase section */

/* Begin PBXVariantGroup section */
		A55687C915C8FC880065D851 /* InfoPlist.strings */ = {
			isa = PBXVariantGroup;
			children = (
				A55687CA15C8FC880065D851 /* en */,
			);
			name = InfoPlist.strings;
			sourceTree = "<group>";
		};
		A55687D315C8FC880065D851 /* Localizable.strings */ = {
			isa = PBXVariantGroup;
			children = (
				A55687D415C8FC880065D851 /* en */,
			);
			name = Localizable.strings;
			sourceTree = "<group>";
		};
		A55687D715C8FC880065D851 /* Localizable.strings */ = {
			isa = PBXVariantGroup;
			children = (
				A55687D815C8FC880065D851 /* es */,
			);
			name = Localizable.strings;
			sourceTree = "<group>";
		};
		A55687DB15C8FC890065D851 /* Localizable.strings */ = {
			isa = PBXVariantGroup;
			children = (
				A55687DC15C8FC890065D851 /* de */,
			);
			name = Localizable.strings;
			sourceTree = "<group>";
		};
		A55687DF15C8FC890065D851 /* Localizable.strings */ = {
			isa = PBXVariantGroup;
			children = (
				A55687E015C8FC890065D851 /* se */,
			);
			name = Localizable.strings;
			sourceTree = "<group>";
		};
/* End PBXVariantGroup section */

/* Begin XCBuildConfiguration section */
		A55687FF15C8FC890065D851 /* Debug */ = {
			isa = XCBuildConfiguration;
			buildSettings = {
				ALWAYS_SEARCH_USER_PATHS = NO;
				ARCHS = (
					armv6,
					"$(ARCHS_STANDARD_32_BIT)",
				);
				CLANG_CXX_LANGUAGE_STANDARD = "gnu++0x";
				CLANG_WARN__DUPLICATE_METHOD_MATCH = YES;
				"CODE_SIGN_IDENTITY[sdk=iphoneos*]" = "iPhone Developer";
				COPY_PHASE_STRIP = NO;
				GCC_C_LANGUAGE_STANDARD = gnu99;
				GCC_DYNAMIC_NO_PIC = NO;
				GCC_OPTIMIZATION_LEVEL = 0;
				GCC_PREPROCESSOR_DEFINITIONS = (
					"DEBUG=1",
					"$(inherited)",
				);
				GCC_SYMBOLS_PRIVATE_EXTERN = NO;
				GCC_VERSION = com.apple.compilers.llvm.clang.1_0;
				GCC_WARN_ABOUT_RETURN_TYPE = YES;
				GCC_WARN_UNINITIALIZED_AUTOS = YES;
				GCC_WARN_UNUSED_VARIABLE = YES;
				IPHONEOS_DEPLOYMENT_TARGET = 3.0;
				SDKROOT = iphoneos;
			};
			name = Debug;
		};
		A556880015C8FC890065D851 /* Release */ = {
			isa = XCBuildConfiguration;
			buildSettings = {
				ALWAYS_SEARCH_USER_PATHS = NO;
				ARCHS = (
					armv6,
					"$(ARCHS_STANDARD_32_BIT)",
				);
				CLANG_CXX_LANGUAGE_STANDARD = "gnu++0x";
				CLANG_WARN__DUPLICATE_METHOD_MATCH = YES;
				"CODE_SIGN_IDENTITY[sdk=iphoneos*]" = "iPhone Developer";
				COPY_PHASE_STRIP = YES;
				GCC_C_LANGUAGE_STANDARD = gnu99;
				GCC_VERSION = com.apple.compilers.llvm.clang.1_0;
				GCC_WARN_ABOUT_RETURN_TYPE = YES;
				GCC_WARN_UNINITIALIZED_AUTOS = YES;
				GCC_WARN_UNUSED_VARIABLE = YES;
				IPHONEOS_DEPLOYMENT_TARGET = 3.0;
				SDKROOT = iphoneos;
				VALIDATE_PRODUCT = YES;
			};
			name = Release;
		};
		A556880215C8FC890065D851 /* Debug */ = {
			isa = XCBuildConfiguration;
			buildSettings = {
				ALWAYS_SEARCH_USER_PATHS = YES;
				COPY_PHASE_STRIP = NO;
				FRAMEWORK_SEARCH_PATHS = /Users/Shared/Cordova/Frameworks;
				GCC_DYNAMIC_NO_PIC = NO;
				GCC_PRECOMPILE_PREFIX_HEADER = YES;
				GCC_PREFIX_HEADER = "ResultsJobInterviewPrep/ResultsJobInterviewPrep-Prefix.pch";
				GCC_PREPROCESSOR_DEFINITIONS = (
					"DEBUG=1,",
					"CORDOVA_FRAMEWORK=1",
				);
				INFOPLIST_FILE = "ResultsJobInterviewPrep/ResultsJobInterviewPrep-Info.plist";
				OTHER_LDFLAGS = (
					"-weak_framework",
					UIKit,
					"-weak_framework",
					AVFoundation,
					"-weak_framework",
					CoreMedia,
					"-weak_library",
					/usr/lib/libSystem.B.dylib,
				);
				PRODUCT_NAME = "$(TARGET_NAME)";
				TARGETED_DEVICE_FAMILY = "1,2";
				WRAPPER_EXTENSION = app;
			};
			name = Debug;
		};
		A556880315C8FC890065D851 /* Release */ = {
			isa = XCBuildConfiguration;
			buildSettings = {
				ALWAYS_SEARCH_USER_PATHS = YES;
				COPY_PHASE_STRIP = YES;
				DEBUG_INFORMATION_FORMAT = "dwarf-with-dsym";
				FRAMEWORK_SEARCH_PATHS = /Users/Shared/Cordova/Frameworks;
				GCC_PRECOMPILE_PREFIX_HEADER = YES;
				GCC_PREFIX_HEADER = "ResultsJobInterviewPrep/ResultsJobInterviewPrep-Prefix.pch";
				GCC_PREPROCESSOR_DEFINITIONS = (
					"NDEBUG=1,",
					"CORDOVA_FRAMEWORK=1",
				);
				INFOPLIST_FILE = "ResultsJobInterviewPrep/ResultsJobInterviewPrep-Info.plist";
				OTHER_LDFLAGS = (
					"-weak_framework",
					UIKit,
					"-weak_framework",
					AVFoundation,
					"-weak_framework",
					CoreMedia,
					"-weak_library",
					/usr/lib/libSystem.B.dylib,
				);
				PRODUCT_NAME = "$(TARGET_NAME)";
				TARGETED_DEVICE_FAMILY = "1,2";
				VALIDATE_PRODUCT = YES;
				WRAPPER_EXTENSION = app;
			};
			name = Release;
		};
/* End XCBuildConfiguration section */

/* Begin XCConfigurationList section */
		A556879F15C8FC880065D851 /* Build configuration list for PBXProject "ResultsJobInterviewPrep" */ = {
			isa = XCConfigurationList;
			buildConfigurations = (
				A55687FF15C8FC890065D851 /* Debug */,
				A556880015C8FC890065D851 /* Release */,
			);
			defaultConfigurationIsVisible = 0;
			defaultConfigurationName = Release;
		};
		A556880115C8FC890065D851 /* Build configuration list for PBXNativeTarget "ResultsJobInterviewPrep" */ = {
			isa = XCConfigurationList;
			buildConfigurations = (
				A556880215C8FC890065D851 /* Debug */,
				A556880315C8FC890065D851 /* Release */,
			);
			defaultConfigurationIsVisible = 0;
		};
/* End XCConfigurationList section */
	};
	rootObject = A556879C15C8FC880065D851 /* Project object */;
}
